// !$*UTF8*$!
{
	archiveVersion = 1;
	classes = {
	};
	objectVersion = 56;
	objects = {

/* Begin PBXBuildFile section */
		A1234567890123456789012C /* ContentView.swift in Sources */ = {isa = PBXBuildFile; fileRef = A1234567890123456789012D /* ContentView.swift */; };
		A1234567890123456789012E /* HKProjectTemplateApp.swift in Sources */ = {isa = PBXBuildFile; fileRef = A1234567890123456789012F /* HKProjectTemplateApp.swift */; };
		A1234567890123456789013A /* AppDelegate.swift in Sources */ = {isa = PBXBuildFile; fileRef = A1234567890123456789013B /* AppDelegate.swift */; };
		A1234567890123456789013C /* AppEnvironment.swift in Sources */ = {isa = PBXBuildFile; fileRef = A1234567890123456789013D /* AppEnvironment.swift */; };
		F80CD01D2E814D29009F51A0 /* UnitTests.swift in Sources */ = {isa = PBXBuildFile; fileRef = F80CD01B2E814D29009F51A0 /* UnitTests.swift */; };
		F80CD0212E814D2D009F51A0 /* UITests.swift in Sources */ = {isa = PBXBuildFile; fileRef = F80CD01E2E814D2D009F51A0 /* UITests.swift */; };
		F80CD0222E814D2D009F51A0 /* UITestsLaunchTests.swift in Sources */ = {isa = PBXBuildFile; fileRef = F80CD01F2E814D2D009F51A0 /* UITestsLaunchTests.swift */; };
		F8C96F0A2E808E7E005B8378 /* Preview Assets.xcassets in Resources */ = {isa = PBXBuildFile; fileRef = F8C96F052E808E7E005B8378 /* Preview Assets.xcassets */; };
		F8C96F0B2E808E7E005B8378 /* Assets.xcassets in Resources */ = {isa = PBXBuildFile; fileRef = F8C96F072E808E7E005B8378 /* Assets.xcassets */; };
/* End PBXBuildFile section */

/* Begin PBXContainerItemProxy section */
		F80CD0062E814D0B009F51A0 /* PBXContainerItemProxy */ = {
			isa = PBXContainerItemProxy;
			containerPortal = A1234567890123456789013Q /* Project object */;
			proxyType = 1;
			remoteGlobalIDString = A1234567890123456789013M;
			remoteInfo = HKProjectTemplate;
		};
		F80CD0152E814D18009F51A0 /* PBXContainerItemProxy */ = {
			isa = PBXContainerItemProxy;
			containerPortal = A1234567890123456789013Q /* Project object */;
			proxyType = 1;
			remoteGlobalIDString = A1234567890123456789013M;
			remoteInfo = HKProjectTemplate;
		};
/* End PBXContainerItemProxy section */

/* Begin PBXFileReference section */
		A1234567890123456789012D /* ContentView.swift */ = {isa = PBXFileReference; lastKnownFileType = sourcecode.swift; path = ContentView.swift; sourceTree = "<group>"; };
		A1234567890123456789012F /* HKProjectTemplateApp.swift */ = {isa = PBXFileReference; lastKnownFileType = sourcecode.swift; path = HKProjectTemplateApp.swift; sourceTree = "<group>"; };
		A1234567890123456789012G /* HKProjectTemplate.app */ = {isa = PBXFileReference; explicitFileType = wrapper.application; includeInIndex = 0; path = HKProjectTemplate.app; sourceTree = BUILT_PRODUCTS_DIR; };
		A1234567890123456789013B /* AppDelegate.swift */ = {isa = PBXFileReference; lastKnownFileType = sourcecode.swift; path = AppDelegate.swift; sourceTree = "<group>"; };
		A1234567890123456789013D /* AppEnvironment.swift */ = {isa = PBXFileReference; lastKnownFileType = sourcecode.swift; path = AppEnvironment.swift; sourceTree = "<group>"; };
		F80CD0022E814D0B009F51A0 /* UnitTests.xctest */ = {isa = PBXFileReference; explicitFileType = wrapper.cfbundle; includeInIndex = 0; path = UnitTests.xctest; sourceTree = BUILT_PRODUCTS_DIR; };
		F80CD00F2E814D18009F51A0 /* UITests.xctest */ = {isa = PBXFileReference; explicitFileType = wrapper.cfbundle; includeInIndex = 0; path = UITests.xctest; sourceTree = BUILT_PRODUCTS_DIR; };
		F80CD01B2E814D29009F51A0 /* UnitTests.swift */ = {isa = PBXFileReference; lastKnownFileType = sourcecode.swift; path = UnitTests.swift; sourceTree = "<group>"; };
		F80CD01E2E814D2D009F51A0 /* UITests.swift */ = {isa = PBXFileReference; lastKnownFileType = sourcecode.swift; path = UITests.swift; sourceTree = "<group>"; };
		F80CD01F2E814D2D009F51A0 /* UITestsLaunchTests.swift */ = {isa = PBXFileReference; lastKnownFileType = sourcecode.swift; path = UITestsLaunchTests.swift; sourceTree = "<group>"; };
		F8C96F052E808E7E005B8378 /* Preview Assets.xcassets */ = {isa = PBXFileReference; lastKnownFileType = text; path = "Preview Assets.xcassets"; sourceTree = "<group>"; };
		F8C96F072E808E7E005B8378 /* Assets.xcassets */ = {isa = PBXFileReference; lastKnownFileType = folder.assetcatalog; path = Assets.xcassets; sourceTree = "<group>"; };
		F8C96F082E808E7E005B8378 /* Info.plist */ = {isa = PBXFileReference; lastKnownFileType = text.plist.xml; path = Info.plist; sourceTree = "<group>"; };
/* End PBXFileReference section */

/* Begin PBXFrameworksBuildPhase section */
		A1234567890123456789013I /* Frameworks */ = {
			isa = PBXFrameworksBuildPhase;
			buildActionMask = 2147483647;
			files = (
			);
			runOnlyForDeploymentPostprocessing = 0;
		};
		F80CCFFF2E814D0B009F51A0 /* Frameworks */ = {
			isa = PBXFrameworksBuildPhase;
			buildActionMask = 2147483647;
			files = (
			);
			runOnlyForDeploymentPostprocessing = 0;
		};
		F80CD00C2E814D18009F51A0 /* Frameworks */ = {
			isa = PBXFrameworksBuildPhase;
			buildActionMask = 2147483647;
			files = (
			);
			runOnlyForDeploymentPostprocessing = 0;
		};
/* End PBXFrameworksBuildPhase section */

/* Begin PBXGroup section */
		A1234567890123456789013E /* App */ = {
			isa = PBXGroup;
			children = (
				A1234567890123456789012F /* HKProjectTemplateApp.swift */,
				A1234567890123456789013B /* AppDelegate.swift */,
				A1234567890123456789013D /* AppEnvironment.swift */,
			);
			path = App;
			sourceTree = "<group>";
		};
		A1234567890123456789013J /* HKProjectTemplate */ = {
			isa = PBXGroup;
			children = (
				A1234567890123456789013E /* App */,
				F8C96F132E809373005B8378 /* Components */,
				F8C96F1C2E809373005B8378 /* Constants */,
				F8C96F252E809373005B8378 /* Core */,
				F8C96F2C2E809373005B8378 /* Features */,
				F8C96F312E809373005B8378 /* Resources */,
				F8C96F062E808E7E005B8378 /* Preview Content */,
				F8C96F092E808E7E005B8378 /* SupportingFiles */,
			);
			path = HKProjectTemplate;
			sourceTree = "<group>";
		};
		A1234567890123456789013K = {
			isa = PBXGroup;
			children = (
				A1234567890123456789013J /* HKProjectTemplate */,
				F80CD01A2E814D1D009F51A0 /* Tests */,
				A1234567890123456789013L /* Products */,
			);
			sourceTree = "<group>";
		};
		A1234567890123456789013L /* Products */ = {
			isa = PBXGroup;
			children = (
				A1234567890123456789012G /* HKProjectTemplate.app */,
				F80CD0022E814D0B009F51A0 /* UnitTests.xctest */,
				F80CD00F2E814D18009F51A0 /* UITests.xctest */,
			);
			name = Products;
			sourceTree = "<group>";
		};
		F80CD01A2E814D1D009F51A0 /* Tests */ = {
			isa = PBXGroup;
			children = (
				F80CD01C2E814D29009F51A0 /* UnitTests */,
				F80CD0202E814D2D009F51A0 /* UITests */,
			);
			path = Tests;
			sourceTree = "<group>";
		};
		F80CD01C2E814D29009F51A0 /* UnitTests */ = {
			isa = PBXGroup;
			children = (
				F80CD01B2E814D29009F51A0 /* UnitTests.swift */,
			);
			path = UnitTests;
			sourceTree = "<group>";
		};
		F80CD0202E814D2D009F51A0 /* UITests */ = {
			isa = PBXGroup;
			children = (
				F80CD01E2E814D2D009F51A0 /* UITests.swift */,
				F80CD01F2E814D2D009F51A0 /* UITestsLaunchTests.swift */,
			);
			path = UITests;
			sourceTree = "<group>";
		};
		F8C96F062E808E7E005B8378 /* Preview Content */ = {
			isa = PBXGroup;
			children = (
				F8C96F052E808E7E005B8378 /* Preview Assets.xcassets */,
			);
			path = "Preview Content";
			sourceTree = "<group>";
		};
		F8C96F092E808E7E005B8378 /* SupportingFiles */ = {
			isa = PBXGroup;
			children = (
				F8C96F072E808E7E005B8378 /* Assets.xcassets */,
				F8C96F082E808E7E005B8378 /* Info.plist */,
			);
			path = SupportingFiles;
			sourceTree = "<group>";
		};
		F8C96F0E2E809373005B8378 /* Styles */ = {
			isa = PBXGroup;
			children = (
			);
			path = Styles;
			sourceTree = "<group>";
		};
		F8C96F102E809373005B8378 /* ViewModifiers */ = {
			isa = PBXGroup;
			children = (
			);
			path = ViewModifiers;
			sourceTree = "<group>";
		};
		F8C96F122E809373005B8378 /* Views */ = {
			isa = PBXGroup;
			children = (
			);
			path = Views;
			sourceTree = "<group>";
		};
		F8C96F132E809373005B8378 /* Components */ = {
			isa = PBXGroup;
			children = (
				F8C96F0E2E809373005B8378 /* Styles */,
				F8C96F102E809373005B8378 /* ViewModifiers */,
				F8C96F122E809373005B8378 /* Views */,
			);
			path = Components;
			sourceTree = "<group>";
		};
		F8C96F152E809373005B8378 /* Colors */ = {
			isa = PBXGroup;
			children = (
			);
			path = Colors;
			sourceTree = "<group>";
		};
		F8C96F172E809373005B8378 /* Fonts */ = {
			isa = PBXGroup;
			children = (
			);
			path = Fonts;
			sourceTree = "<group>";
		};
		F8C96F192E809373005B8378 /* Layout */ = {
			isa = PBXGroup;
			children = (
			);
			path = Layout;
			sourceTree = "<group>";
		};
		F8C96F1B2E809373005B8378 /* Strings */ = {
			isa = PBXGroup;
			children = (
			);
			path = Strings;
			sourceTree = "<group>";
		};
		F8C96F1C2E809373005B8378 /* Constants */ = {
			isa = PBXGroup;
			children = (
				F8C96F152E809373005B8378 /* Colors */,
				F8C96F172E809373005B8378 /* Fonts */,
				F8C96F192E809373005B8378 /* Layout */,
				F8C96F1B2E809373005B8378 /* Strings */,
			);
			path = Constants;
			sourceTree = "<group>";
		};
		F8C96F1E2E809373005B8378 /* Extensions */ = {
			isa = PBXGroup;
			children = (
			);
			path = Extensions;
			sourceTree = "<group>";
		};
		F8C96F202E809373005B8378 /* Firebase */ = {
			isa = PBXGroup;
			children = (
			);
			path = Firebase;
			sourceTree = "<group>";
		};
		F8C96F222E809373005B8378 /* Models */ = {
			isa = PBXGroup;
			children = (
			);
			path = Models;
			sourceTree = "<group>";
		};
		F8C96F242E809373005B8378 /* Services */ = {
			isa = PBXGroup;
			children = (
			);
			path = Services;
			sourceTree = "<group>";
		};
		F8C96F252E809373005B8378 /* Core */ = {
			isa = PBXGroup;
			children = (
				F8C96F1E2E809373005B8378 /* Extensions */,
				F8C96F202E809373005B8378 /* Firebase */,
				F8C96F222E809373005B8378 /* Models */,
				F8C96F242E809373005B8378 /* Services */,
			);
			path = Core;
			sourceTree = "<group>";
		};
		F8C96F272E809373005B8378 /* Authentication */ = {
			isa = PBXGroup;
			children = (
			);
			path = Authentication;
			sourceTree = "<group>";
		};
		F8C96F292E809373005B8378 /* Profile */ = {
			isa = PBXGroup;
			children = (
			);
			path = Profile;
			sourceTree = "<group>";
		};
		F8C96F2B2E809373005B8378 /* Settings */ = {
			isa = PBXGroup;
			children = (
			);
			path = Settings;
			sourceTree = "<group>";
		};
		F8C96F2C2E809373005B8378 /* Features */ = {
			isa = PBXGroup;
			children = (
				A1234567890123456789012D /* ContentView.swift */,
				F8C96F272E809373005B8378 /* Authentication */,
				F8C96F292E809373005B8378 /* Profile */,
				F8C96F2B2E809373005B8378 /* Settings */,
			);
			path = Features;
			sourceTree = "<group>";
		};
		F8C96F2E2E809373005B8378 /* Config */ = {
			isa = PBXGroup;
			children = (
			);
			path = Config;
			sourceTree = "<group>";
		};
		F8C96F302E809373005B8378 /* Localization */ = {
			isa = PBXGroup;
			children = (
			);
			path = Localization;
			sourceTree = "<group>";
		};
		F8C96F312E809373005B8378 /* Resources */ = {
			isa = PBXGroup;
			children = (
				F8C96F2E2E809373005B8378 /* Config */,
				F8C96F302E809373005B8378 /* Localization */,
			);
			path = Resources;
			sourceTree = "<group>";
		};
/* End PBXGroup section */

/* Begin PBXNativeTarget section */
		A1234567890123456789013M /* HKProjectTemplate */ = {
			isa = PBXNativeTarget;
			buildConfigurationList = A1234567890123456789013N /* Build configuration list for PBXNativeTarget "HKProjectTemplate" */;
			buildPhases = (
				A1234567890123456789013O /* Sources */,
				A1234567890123456789013I /* Frameworks */,
				A1234567890123456789013P /* Resources */,
			);
			buildRules = (
			);
			dependencies = (
			);
			name = HKProjectTemplate;
			productName = HKProjectTemplate;
			productReference = A1234567890123456789012G /* HKProjectTemplate.app */;
			productType = "com.apple.product-type.application";
		};
		F80CD0012E814D0B009F51A0 /* UnitTests */ = {
			isa = PBXNativeTarget;
			buildConfigurationList = F80CD0082E814D0B009F51A0 /* Build configuration list for PBXNativeTarget "UnitTests" */;
			buildPhases = (
				F80CCFFE2E814D0B009F51A0 /* Sources */,
				F80CCFFF2E814D0B009F51A0 /* Frameworks */,
				F80CD0002E814D0B009F51A0 /* Resources */,
			);
			buildRules = (
			);
			dependencies = (
				F80CD0072E814D0B009F51A0 /* PBXTargetDependency */,
			);
			name = UnitTests;
			packageProductDependencies = (
			);
			productName = UnitTests;
			productReference = F80CD0022E814D0B009F51A0 /* UnitTests.xctest */;
			productType = "com.apple.product-type.bundle.unit-test";
		};
		F80CD00E2E814D18009F51A0 /* UITests */ = {
			isa = PBXNativeTarget;
			buildConfigurationList = F80CD0172E814D18009F51A0 /* Build configuration list for PBXNativeTarget "UITests" */;
			buildPhases = (
				F80CD00B2E814D18009F51A0 /* Sources */,
				F80CD00C2E814D18009F51A0 /* Frameworks */,
				F80CD00D2E814D18009F51A0 /* Resources */,
			);
			buildRules = (
			);
			dependencies = (
				F80CD0162E814D18009F51A0 /* PBXTargetDependency */,
			);
			name = UITests;
			packageProductDependencies = (
			);
			productName = UITests;
			productReference = F80CD00F2E814D18009F51A0 /* UITests.xctest */;
			productType = "com.apple.product-type.bundle.ui-testing";
		};
/* End PBXNativeTarget section */

/* Begin PBXProject section */
		A1234567890123456789013Q /* Project object */ = {
			isa = PBXProject;
			attributes = {
				BuildIndependentTargetsInParallel = 1;
				LastSwiftUpdateCheck = 1610;
				LastUpgradeCheck = 1500;
				TargetAttributes = {
					A1234567890123456789013M = {
						CreatedOnToolsVersion = 15.0;
					};
					F80CD0012E814D0B009F51A0 = {
						CreatedOnToolsVersion = 16.1;
						TestTargetID = A1234567890123456789013M;
					};
					F80CD00E2E814D18009F51A0 = {
						CreatedOnToolsVersion = 16.1;
						TestTargetID = A1234567890123456789013M;
					};
				};
			};
			buildConfigurationList = A1234567890123456789013R /* Build configuration list for PBXProject "HKProjectTemplate" */;
			compatibilityVersion = "Xcode 14.0";
			developmentRegion = en;
			hasScannedForEncodings = 0;
			knownRegions = (
				en,
				Base,
			);
			mainGroup = A1234567890123456789013K;
			productRefGroup = A1234567890123456789013L /* Products */;
			projectDirPath = "";
			projectRoot = "";
			targets = (
				A1234567890123456789013M /* HKProjectTemplate */,
				F80CD0012E814D0B009F51A0 /* UnitTests */,
				F80CD00E2E814D18009F51A0 /* UITests */,
			);
		};
/* End PBXProject section */

/* Begin PBXResourcesBuildPhase section */
		A1234567890123456789013P /* Resources */ = {
			isa = PBXResourcesBuildPhase;
			buildActionMask = 2147483647;
			files = (
				F8C96F0A2E808E7E005B8378 /* Preview Assets.xcassets in Resources */,
				F8C96F0B2E808E7E005B8378 /* Assets.xcassets in Resources */,
			);
			runOnlyForDeploymentPostprocessing = 0;
		};
		F80CD0002E814D0B009F51A0 /* Resources */ = {
			isa = PBXResourcesBuildPhase;
			buildActionMask = 2147483647;
			files = (
			);
			runOnlyForDeploymentPostprocessing = 0;
		};
		F80CD00D2E814D18009F51A0 /* Resources */ = {
			isa = PBXResourcesBuildPhase;
			buildActionMask = 2147483647;
			files = (
			);
			runOnlyForDeploymentPostprocessing = 0;
		};
/* End PBXResourcesBuildPhase section */

/* Begin PBXSourcesBuildPhase section */
		A1234567890123456789013O /* Sources */ = {
			isa = PBXSourcesBuildPhase;
			buildActionMask = 2147483647;
			files = (
				A1234567890123456789012E /* HKProjectTemplateApp.swift in Sources */,
				A1234567890123456789013A /* AppDelegate.swift in Sources */,
				A1234567890123456789013C /* AppEnvironment.swift in Sources */,
				A1234567890123456789012C /* ContentView.swift in Sources */,
			);
			runOnlyForDeploymentPostprocessing = 0;
		};
		F80CCFFE2E814D0B009F51A0 /* Sources */ = {
			isa = PBXSourcesBuildPhase;
			buildActionMask = 2147483647;
			files = (
				F80CD01D2E814D29009F51A0 /* UnitTests.swift in Sources */,
			);
			runOnlyForDeploymentPostprocessing = 0;
		};
		F80CD00B2E814D18009F51A0 /* Sources */ = {
			isa = PBXSourcesBuildPhase;
			buildActionMask = 2147483647;
			files = (
				F80CD0212E814D2D009F51A0 /* UITests.swift in Sources */,
				F80CD0222E814D2D009F51A0 /* UITestsLaunchTests.swift in Sources */,
			);
			runOnlyForDeploymentPostprocessing = 0;
		};
/* End PBXSourcesBuildPhase section */

/* Begin PBXTargetDependency section */
		F80CD0072E814D0B009F51A0 /* PBXTargetDependency */ = {
			isa = PBXTargetDependency;
			target = A1234567890123456789013M /* HKProjectTemplate */;
			targetProxy = F80CD0062E814D0B009F51A0 /* PBXContainerItemProxy */;
		};
		F80CD0162E814D18009F51A0 /* PBXTargetDependency */ = {
			isa = PBXTargetDependency;
			target = A1234567890123456789013M /* HKProjectTemplate */;
			targetProxy = F80CD0152E814D18009F51A0 /* PBXContainerItemProxy */;
		};
/* End PBXTargetDependency section */

/* Begin XCBuildConfiguration section */
		A1234567890123456789013S /* Debug */ = {
			isa = XCBuildConfiguration;
			buildSettings = {
				ALWAYS_SEARCH_USER_PATHS = NO;
				ASSETCATALOG_COMPILER_GENERATE_SWIFT_ASSET_SYMBOL_EXTENSIONS = YES;
				CLANG_ANALYZER_NONNULL = YES;
				CLANG_ANALYZER_NUMBER_OBJECT_CONVERSION = YES_AGGRESSIVE;
				CLANG_CXX_LANGUAGE_STANDARD = "gnu++20";
				CLANG_ENABLE_MODULES = YES;
				CLANG_ENABLE_OBJC_ARC = YES;
				CLANG_ENABLE_OBJC_WEAK = YES;
				CLANG_WARN_BLOCK_CAPTURE_AUTORELEASING = YES;
				CLANG_WARN_BOOL_CONVERSION = YES;
				CLANG_WARN_COMMA = YES;
				CLANG_WARN_CONSTANT_CONVERSION = YES;
				CLANG_WARN_DEPRECATED_OBJC_IMPLEMENTATIONS = YES;
				CLANG_WARN_DIRECT_OBJC_ISA_USAGE = YES_ERROR;
				CLANG_WARN_DOCUMENTATION_COMMENTS = YES;
				CLANG_WARN_EMPTY_BODY = YES;
				CLANG_WARN_ENUM_CONVERSION = YES;
				CLANG_WARN_INFINITE_RECURSION = YES;
				CLANG_WARN_INT_CONVERSION = YES;
				CLANG_WARN_NON_LITERAL_NULL_CONVERSION = YES;
				CLANG_WARN_OBJC_IMPLICIT_RETAIN_SELF = YES;
				CLANG_WARN_OBJC_LITERAL_CONVERSION = YES;
				CLANG_WARN_OBJC_ROOT_CLASS = YES_ERROR;
				CLANG_WARN_QUOTED_INCLUDE_IN_FRAMEWORK_HEADER = YES;
				CLANG_WARN_RANGE_LOOP_ANALYSIS = YES;
				CLANG_WARN_STRICT_PROTOTYPES = YES;
				CLANG_WARN_SUSPICIOUS_MOVE = YES;
				CLANG_WARN_UNGUARDED_AVAILABILITY = YES_AGGRESSIVE;
				CLANG_WARN_UNREACHABLE_CODE = YES;
				CLANG_WARN__DUPLICATE_METHOD_MATCH = YES;
				COPY_PHASE_STRIP = NO;
				DEBUG_INFORMATION_FORMAT = dwarf;
				ENABLE_STRICT_OBJC_MSGSEND = YES;
				ENABLE_TESTABILITY = YES;
				ENABLE_USER_SCRIPT_SANDBOXING = YES;
				GCC_C_LANGUAGE_STANDARD = gnu17;
				GCC_DYNAMIC_NO_PIC = NO;
				GCC_NO_COMMON_BLOCKS = YES;
				GCC_OPTIMIZATION_LEVEL = 0;
				GCC_PREPROCESSOR_DEFINITIONS = (
					"DEBUG=1",
					"$(inherited)",
				);
				GCC_WARN_64_TO_32_BIT_CONVERSION = YES;
				GCC_WARN_ABOUT_RETURN_TYPE = YES_ERROR;
				GCC_WARN_UNDECLARED_SELECTOR = YES;
				GCC_WARN_UNINITIALIZED_AUTOS = YES_AGGRESSIVE;
				GCC_WARN_UNUSED_FUNCTION = YES;
				GCC_WARN_UNUSED_VARIABLE = YES;
				IPHONEOS_DEPLOYMENT_TARGET = 16.0;
				LOCALIZATION_PREFERS_STRING_CATALOGS = YES;
				MTL_ENABLE_DEBUG_INFO = INCLUDE_SOURCE;
				MTL_FAST_MATH = YES;
				ONLY_ACTIVE_ARCH = YES;
				SDKROOT = iphoneos;
				SWIFT_ACTIVE_COMPILATION_CONDITIONS = "DEBUG $(inherited)";
				SWIFT_OPTIMIZATION_LEVEL = "-Onone";
			};
			name = Debug;
		};
		A1234567890123456789013T /* Release */ = {
			isa = XCBuildConfiguration;
			buildSettings = {
				ALWAYS_SEARCH_USER_PATHS = NO;
				ASSETCATALOG_COMPILER_GENERATE_SWIFT_ASSET_SYMBOL_EXTENSIONS = YES;
				CLANG_ANALYZER_NONNULL = YES;
				CLANG_ANALYZER_NUMBER_OBJECT_CONVERSION = YES_AGGRESSIVE;
				CLANG_CXX_LANGUAGE_STANDARD = "gnu++20";
				CLANG_ENABLE_MODULES = YES;
				CLANG_ENABLE_OBJC_ARC = YES;
				CLANG_ENABLE_OBJC_WEAK = YES;
				CLANG_WARN_BLOCK_CAPTURE_AUTORELEASING = YES;
				CLANG_WARN_BOOL_CONVERSION = YES;
				CLANG_WARN_COMMA = YES;
				CLANG_WARN_CONSTANT_CONVERSION = YES;
				CLANG_WARN_DEPRECATED_OBJC_IMPLEMENTATIONS = YES;
				CLANG_WARN_DIRECT_OBJC_ISA_USAGE = YES_ERROR;
				CLANG_WARN_DOCUMENTATION_COMMENTS = YES;
				CLANG_WARN_EMPTY_BODY = YES;
				CLANG_WARN_ENUM_CONVERSION = YES;
				CLANG_WARN_INFINITE_RECURSION = YES;
				CLANG_WARN_INT_CONVERSION = YES;
				CLANG_WARN_NON_LITERAL_NULL_CONVERSION = YES;
				CLANG_WARN_OBJC_IMPLICIT_RETAIN_SELF = YES;
				CLANG_WARN_OBJC_LITERAL_CONVERSION = YES;
				CLANG_WARN_OBJC_ROOT_CLASS = YES_ERROR;
				CLANG_WARN_QUOTED_INCLUDE_IN_FRAMEWORK_HEADER = YES;
				CLANG_WARN_RANGE_LOOP_ANALYSIS = YES;
				CLANG_WARN_STRICT_PROTOTYPES = YES;
				CLANG_WARN_SUSPICIOUS_MOVE = YES;
				CLANG_WARN_UNGUARDED_AVAILABILITY = YES_AGGRESSIVE;
				CLANG_WARN_UNREACHABLE_CODE = YES;
				CLANG_WARN__DUPLICATE_METHOD_MATCH = YES;
				COPY_PHASE_STRIP = NO;
				DEBUG_INFORMATION_FORMAT = "dwarf-with-dsym";
				ENABLE_NS_ASSERTIONS = NO;
				ENABLE_STRICT_OBJC_MSGSEND = YES;
				ENABLE_USER_SCRIPT_SANDBOXING = YES;
				GCC_C_LANGUAGE_STANDARD = gnu17;
				GCC_NO_COMMON_BLOCKS = YES;
				GCC_WARN_64_TO_32_BIT_CONVERSION = YES;
				GCC_WARN_ABOUT_RETURN_TYPE = YES_ERROR;
				GCC_WARN_UNDECLARED_SELECTOR = YES;
				GCC_WARN_UNINITIALIZED_AUTOS = YES_AGGRESSIVE;
				GCC_WARN_UNUSED_FUNCTION = YES;
				GCC_WARN_UNUSED_VARIABLE = YES;
				IPHONEOS_DEPLOYMENT_TARGET = 16.0;
				LOCALIZATION_PREFERS_STRING_CATALOGS = YES;
				MTL_ENABLE_DEBUG_INFO = NO;
				MTL_FAST_MATH = YES;
				SDKROOT = iphoneos;
				SWIFT_COMPILATION_MODE = wholemodule;
				VALIDATE_PRODUCT = YES;
			};
			name = Release;
		};
		A1234567890123456789013U /* Debug */ = {
			isa = XCBuildConfiguration;
			buildSettings = {
				ASSETCATALOG_COMPILER_APPICON_NAME = AppIcon;
				ASSETCATALOG_COMPILER_GLOBAL_ACCENT_COLOR_NAME = AccentColor;
				CODE_SIGN_STYLE = Automatic;
				CURRENT_PROJECT_VERSION = 1;
				DEVELOPMENT_ASSET_PATHS = "\"HKProjectTemplate/Preview Content\"";
				DEVELOPMENT_TEAM = 849SA7G284;
				ENABLE_PREVIEWS = YES;
				GENERATE_INFOPLIST_FILE = YES;
				INFOPLIST_FILE = HKProjectTemplate/SupportingFiles/Info.plist;
				INFOPLIST_KEY_UIApplicationSceneManifest_Generation = YES;
				INFOPLIST_KEY_UIApplicationSupportsIndirectInputEvents = YES;
				INFOPLIST_KEY_UILaunchScreen_Generation = YES;
				INFOPLIST_KEY_UISupportedInterfaceOrientations_iPhone = UIInterfaceOrientationPortrait;
				IPHONEOS_DEPLOYMENT_TARGET = 16.0;
				LD_RUNPATH_SEARCH_PATHS = (
					"$(inherited)",
					"@executable_path/Frameworks",
				);
				MARKETING_VERSION = 1.0;
				PRODUCT_BUNDLE_IDENTIFIER = com.h8892k.HKProjectTemplate;
				PRODUCT_NAME = "$(TARGET_NAME)";
				SUPPORTED_PLATFORMS = "iphoneos iphonesimulator";
				SUPPORTS_MACCATALYST = NO;
				SUPPORTS_MAC_DESIGNED_FOR_IPHONE_IPAD = NO;
				SUPPORTS_XR_DESIGNED_FOR_IPHONE_IPAD = NO;
				SWIFT_EMIT_LOC_STRINGS = YES;
				SWIFT_VERSION = 5.0;
				TARGETED_DEVICE_FAMILY = 1;
			};
			name = Debug;
		};
		A1234567890123456789013V /* Release */ = {
			isa = XCBuildConfiguration;
			buildSettings = {
				ASSETCATALOG_COMPILER_APPICON_NAME = AppIcon;
				ASSETCATALOG_COMPILER_GLOBAL_ACCENT_COLOR_NAME = AccentColor;
				CODE_SIGN_STYLE = Automatic;
				CURRENT_PROJECT_VERSION = 1;
				DEVELOPMENT_ASSET_PATHS = "\"HKProjectTemplate/Preview Content\"";
				DEVELOPMENT_TEAM = 849SA7G284;
				ENABLE_PREVIEWS = YES;
				GENERATE_INFOPLIST_FILE = YES;
				INFOPLIST_FILE = HKProjectTemplate/SupportingFiles/Info.plist;
				INFOPLIST_KEY_UIApplicationSceneManifest_Generation = YES;
				INFOPLIST_KEY_UIApplicationSupportsIndirectInputEvents = YES;
				INFOPLIST_KEY_UILaunchScreen_Generation = YES;
				INFOPLIST_KEY_UISupportedInterfaceOrientations_iPhone = UIInterfaceOrientationPortrait;
				IPHONEOS_DEPLOYMENT_TARGET = 16.0;
				LD_RUNPATH_SEARCH_PATHS = (
					"$(inherited)",
					"@executable_path/Frameworks",
				);
				MARKETING_VERSION = 1.0;
				PRODUCT_BUNDLE_IDENTIFIER = com.h8892k.HKProjectTemplate;
				PRODUCT_NAME = "$(TARGET_NAME)";
				SUPPORTED_PLATFORMS = "iphoneos iphonesimulator";
				SUPPORTS_MACCATALYST = NO;
				SUPPORTS_MAC_DESIGNED_FOR_IPHONE_IPAD = NO;
				SUPPORTS_XR_DESIGNED_FOR_IPHONE_IPAD = NO;
				SWIFT_EMIT_LOC_STRINGS = YES;
				SWIFT_VERSION = 5.0;
				TARGETED_DEVICE_FAMILY = 1;
			};
			name = Release;
		};
		F80CD0092E814D0B009F51A0 /* Debug */ = {
			isa = XCBuildConfiguration;
			buildSettings = {
				BUNDLE_LOADER = "$(TEST_HOST)";
				CODE_SIGN_STYLE = Automatic;
				CURRENT_PROJECT_VERSION = 1;
				DEVELOPMENT_TEAM = 849SA7G284;
				GENERATE_INFOPLIST_FILE = YES;
				IPHONEOS_DEPLOYMENT_TARGET = 18.1;
				MARKETING_VERSION = 1.0;
				PRODUCT_BUNDLE_IDENTIFIER = h8892k.UnitTests;
				PRODUCT_NAME = "$(TARGET_NAME)";
				SWIFT_EMIT_LOC_STRINGS = NO;
				SWIFT_VERSION = 5.0;
				TARGETED_DEVICE_FAMILY = "1,2";
				TEST_HOST = "$(BUILT_PRODUCTS_DIR)/HKProjectTemplate.app/$(BUNDLE_EXECUTABLE_FOLDER_PATH)/HKProjectTemplate";
			};
			name = Debug;
		};
		F80CD00A2E814D0B009F51A0 /* Release */ = {
			isa = XCBuildConfiguration;
			buildSettings = {
				BUNDLE_LOADER = "$(TEST_HOST)";
				CODE_SIGN_STYLE = Automatic;
				CURRENT_PROJECT_VERSION = 1;
				DEVELOPMENT_TEAM = 849SA7G284;
				GENERATE_INFOPLIST_FILE = YES;
				IPHONEOS_DEPLOYMENT_TARGET = 18.1;
				MARKETING_VERSION = 1.0;
				PRODUCT_BUNDLE_IDENTIFIER = h8892k.UnitTests;
				PRODUCT_NAME = "$(TARGET_NAME)";
				SWIFT_EMIT_LOC_STRINGS = NO;
				SWIFT_VERSION = 5.0;
				TARGETED_DEVICE_FAMILY = "1,2";
				TEST_HOST = "$(BUILT_PRODUCTS_DIR)/HKProjectTemplate.app/$(BUNDLE_EXECUTABLE_FOLDER_PATH)/HKProjectTemplate";
			};
			name = Release;
		};
		F80CD0182E814D18009F51A0 /* Debug */ = {
			isa = XCBuildConfiguration;
			buildSettings = {
				CODE_SIGN_STYLE = Automatic;
				CURRENT_PROJECT_VERSION = 1;
				DEVELOPMENT_TEAM = 849SA7G284;
				GENERATE_INFOPLIST_FILE = YES;
				IPHONEOS_DEPLOYMENT_TARGET = 18.1;
				MARKETING_VERSION = 1.0;
				PRODUCT_BUNDLE_IDENTIFIER = h8892k.UITests;
				PRODUCT_NAME = "$(TARGET_NAME)";
				SWIFT_EMIT_LOC_STRINGS = NO;
				SWIFT_VERSION = 5.0;
				TARGETED_DEVICE_FAMILY = "1,2";
				TEST_TARGET_NAME = HKProjectTemplate;
			};
			name = Debug;
		};
		F80CD0192E814D18009F51A0 /* Release */ = {
			isa = XCBuildConfiguration;
			buildSettings = {
				CODE_SIGN_STYLE = Automatic;
				CURRENT_PROJECT_VERSION = 1;
				DEVELOPMENT_TEAM = 849SA7G284;
				GENERATE_INFOPLIST_FILE = YES;
				IPHONEOS_DEPLOYMENT_TARGET = 18.1;
				MARKETING_VERSION = 1.0;
				PRODUCT_BUNDLE_IDENTIFIER = h8892k.UITests;
				PRODUCT_NAME = "$(TARGET_NAME)";
				SWIFT_EMIT_LOC_STRINGS = NO;
				SWIFT_VERSION = 5.0;
				TARGETED_DEVICE_FAMILY = "1,2";
				TEST_TARGET_NAME = HKProjectTemplate;
			};
			name = Release;
		};
/* End XCBuildConfiguration section */

/* Begin XCConfigurationList section */
		A1234567890123456789013N /* Build configuration list for PBXNativeTarget "HKProjectTemplate" */ = {
			isa = XCConfigurationList;
			buildConfigurations = (
				A1234567890123456789013U /* Debug */,
				A1234567890123456789013V /* Release */,
			);
			defaultConfigurationIsVisible = 0;
			defaultConfigurationName = Release;
		};
		A1234567890123456789013R /* Build configuration list for PBXProject "HKProjectTemplate" */ = {
			isa = XCConfigurationList;
			buildConfigurations = (
				A1234567890123456789013S /* Debug */,
				A1234567890123456789013T /* Release */,
			);
			defaultConfigurationIsVisible = 0;
			defaultConfigurationName = Release;
		};
		F80CD0082E814D0B009F51A0 /* Build configuration list for PBXNativeTarget "UnitTests" */ = {
			isa = XCConfigurationList;
			buildConfigurations = (
				F80CD0092E814D0B009F51A0 /* Debug */,
				F80CD00A2E814D0B009F51A0 /* Release */,
			);
			defaultConfigurationIsVisible = 0;
			defaultConfigurationName = Release;
		};
		F80CD0172E814D18009F51A0 /* Build configuration list for PBXNativeTarget "UITests" */ = {
			isa = XCConfigurationList;
			buildConfigurations = (
				F80CD0182E814D18009F51A0 /* Debug */,
				F80CD0192E814D18009F51A0 /* Release */,
			);
			defaultConfigurationIsVisible = 0;
			defaultConfigurationName = Release;
		};
/* End XCConfigurationList section */
	};
	rootObject = A1234567890123456789013Q /* Project object */;
}
